
Microsoft Visual Studio Solution File, Format Version 12.00
# Visual Studio Version 16
VisualStudioVersion = 16.0.32929.386
MinimumVisualStudioVersion = 10.0.40219.1
Project("{FAE04EC0-301F-11D3-BF4B-00C04F79EFBC}") = "Shop", "Shop\Shop.csproj", "{5FBC3D76-FEA7-43DC-BCAA-C026A33DB513}"
EndProject
Global
	GlobalSection(SolutionConfigurationPlatforms) = preSolution
		Debug|Any CPU = Debug|Any CPU
		Release|Any CPU = Release|Any CPU
	EndGlobalSection
	GlobalSection(ProjectConfigurationPlatforms) = postSolution
		{5FBC3D76-FEA7-43DC-BCAA-C026A33DB513}.Debug|Any CPU.ActiveCfg = Debug|Any CPU
		{5FBC3D76-FEA7-43DC-BCAA-C026A33DB513}.Debug|Any CPU.Build.0 = Debug|Any CPU
		{5FBC3D76-FEA7-43DC-BCAA-C026A33DB513}.Release|Any CPU.ActiveCfg = Release|Any CPU
		{5FBC3D76-FEA7-43DC-BCAA-C026A33DB513}.Release|Any CPU.Build.0 = Release|Any CPU
	EndGlobalSection
	GlobalSection(SolutionProperties) = preSolution
		HideSolutionNode = FALSE
	EndGlobalSection
	GlobalSection(ExtensibilityGlobals) = postSolution
		SolutionGuid = {65766557-404B-4504-B0EC-8F311B5F0C88}
	EndGlobalSection
EndGlobal
